// !$*UTF8*$!
{
	archiveVersion = 1;
	classes = {
	};
	objectVersion = 56;
	objects = {

/* Begin PBXBuildFile section */
		4D028CDF2BEACCF000F06919 /* AppDelegate.swift in Sources */ = {isa = PBXBuildFile; fileRef = 4D028CDE2BEACCF000F06919 /* AppDelegate.swift */; };
		4D028CE12BEACCF000F06919 /* SceneDelegate.swift in Sources */ = {isa = PBXBuildFile; fileRef = 4D028CE02BEACCF000F06919 /* SceneDelegate.swift */; };
		4D028CE32BEACCF000F06919 /* BasicCalculatorViewController.swift in Sources */ = {isa = PBXBuildFile; fileRef = 4D028CE22BEACCF000F06919 /* BasicCalculatorViewController.swift */; };
		4D028CE82BEACCF300F06919 /* Assets.xcassets in Resources */ = {isa = PBXBuildFile; fileRef = 4D028CE72BEACCF300F06919 /* Assets.xcassets */; };
		4D028CEB2BEACCF300F06919 /* LaunchScreen.storyboard in Resources */ = {isa = PBXBuildFile; fileRef = 4D028CE92BEACCF300F06919 /* LaunchScreen.storyboard */; };
		4D028CF32BEAD12600F06919 /* BhaskaraCalculatorViewController.swift in Sources */ = {isa = PBXBuildFile; fileRef = 4D028CF22BEAD12600F06919 /* BhaskaraCalculatorViewController.swift */; };
		4D028CF52BEAD14900F06919 /* ConversionCalculatorViewController.swift in Sources */ = {isa = PBXBuildFile; fileRef = 4D028CF42BEAD14900F06919 /* ConversionCalculatorViewController.swift */; };
		4D028CF72BEAD15D00F06919 /* PercentageCalculatorViewController.swift in Sources */ = {isa = PBXBuildFile; fileRef = 4D028CF62BEAD15D00F06919 /* PercentageCalculatorViewController.swift */; };
		4DB88D092BED1B30008B4CD0 /* TemperatureConversionView.swift in Sources */ = {isa = PBXBuildFile; fileRef = 4DB88D082BED1B30008B4CD0 /* TemperatureConversionView.swift */; };
		4DB88D0C2BED1C8C008B4CD0 /* TemperatureConversionViewModel.swift in Sources */ = {isa = PBXBuildFile; fileRef = 4DB88D0B2BED1C8C008B4CD0 /* TemperatureConversionViewModel.swift */; };
		4DB88D0E2BED210B008B4CD0 /* TemperatureUnit.swift in Sources */ = {isa = PBXBuildFile; fileRef = 4DB88D0D2BED210B008B4CD0 /* TemperatureUnit.swift */; };
		4DBEE2192BEBBF6700A5F99E /* BhaskaraCalculatorViewModel.swift in Sources */ = {isa = PBXBuildFile; fileRef = 4DBEE2182BEBBF6700A5F99E /* BhaskaraCalculatorViewModel.swift */; };
		4DBEE21C2BEBC0E000A5F99E /* BhaskaraCalculatorView.swift in Sources */ = {isa = PBXBuildFile; fileRef = 4DBEE21B2BEBC0E000A5F99E /* BhaskaraCalculatorView.swift */; };
/* End PBXBuildFile section */

/* Begin PBXFileReference section */
		4D028CDB2BEACCF000F06919 /* Calculadora.app */ = {isa = PBXFileReference; explicitFileType = wrapper.application; includeInIndex = 0; path = Calculadora.app; sourceTree = BUILT_PRODUCTS_DIR; };
		4D028CDE2BEACCF000F06919 /* AppDelegate.swift */ = {isa = PBXFileReference; lastKnownFileType = sourcecode.swift; path = AppDelegate.swift; sourceTree = "<group>"; };
		4D028CE02BEACCF000F06919 /* SceneDelegate.swift */ = {isa = PBXFileReference; lastKnownFileType = sourcecode.swift; path = SceneDelegate.swift; sourceTree = "<group>"; };
		4D028CE22BEACCF000F06919 /* BasicCalculatorViewController.swift */ = {isa = PBXFileReference; lastKnownFileType = sourcecode.swift; path = BasicCalculatorViewController.swift; sourceTree = "<group>"; };
		4D028CE72BEACCF300F06919 /* Assets.xcassets */ = {isa = PBXFileReference; lastKnownFileType = folder.assetcatalog; path = Assets.xcassets; sourceTree = "<group>"; };
		4D028CEA2BEACCF300F06919 /* Base */ = {isa = PBXFileReference; lastKnownFileType = file.storyboard; name = Base; path = Base.lproj/LaunchScreen.storyboard; sourceTree = "<group>"; };
		4D028CEC2BEACCF300F06919 /* Info.plist */ = {isa = PBXFileReference; lastKnownFileType = text.plist.xml; path = Info.plist; sourceTree = "<group>"; };
		4D028CF22BEAD12600F06919 /* BhaskaraCalculatorViewController.swift */ = {isa = PBXFileReference; lastKnownFileType = sourcecode.swift; path = BhaskaraCalculatorViewController.swift; sourceTree = "<group>"; };
		4D028CF42BEAD14900F06919 /* ConversionCalculatorViewController.swift */ = {isa = PBXFileReference; lastKnownFileType = sourcecode.swift; path = ConversionCalculatorViewController.swift; sourceTree = "<group>"; };
		4D028CF62BEAD15D00F06919 /* PercentageCalculatorViewController.swift */ = {isa = PBXFileReference; lastKnownFileType = sourcecode.swift; path = PercentageCalculatorViewController.swift; sourceTree = "<group>"; };
		4DB88D082BED1B30008B4CD0 /* TemperatureConversionView.swift */ = {isa = PBXFileReference; lastKnownFileType = sourcecode.swift; path = TemperatureConversionView.swift; sourceTree = "<group>"; };
		4DB88D0B2BED1C8C008B4CD0 /* TemperatureConversionViewModel.swift */ = {isa = PBXFileReference; lastKnownFileType = sourcecode.swift; path = TemperatureConversionViewModel.swift; sourceTree = "<group>"; };
		4DB88D0D2BED210B008B4CD0 /* TemperatureUnit.swift */ = {isa = PBXFileReference; lastKnownFileType = sourcecode.swift; path = TemperatureUnit.swift; sourceTree = "<group>"; };
		4DBEE2182BEBBF6700A5F99E /* BhaskaraCalculatorViewModel.swift */ = {isa = PBXFileReference; lastKnownFileType = sourcecode.swift; path = BhaskaraCalculatorViewModel.swift; sourceTree = "<group>"; };
		4DBEE21B2BEBC0E000A5F99E /* BhaskaraCalculatorView.swift */ = {isa = PBXFileReference; lastKnownFileType = sourcecode.swift; path = BhaskaraCalculatorView.swift; sourceTree = "<group>"; };
/* End PBXFileReference section */

/* Begin PBXFrameworksBuildPhase section */
		4D028CD82BEACCF000F06919 /* Frameworks */ = {
			isa = PBXFrameworksBuildPhase;
			buildActionMask = 2147483647;
			files = (
			);
			runOnlyForDeploymentPostprocessing = 0;
		};
/* End PBXFrameworksBuildPhase section */

/* Begin PBXGroup section */
		4D028CD22BEACCF000F06919 = {
			isa = PBXGroup;
			children = (
				4D028CDD2BEACCF000F06919 /* Calculadora */,
				4D028CDC2BEACCF000F06919 /* Products */,
			);
			sourceTree = "<group>";
		};
		4D028CDC2BEACCF000F06919 /* Products */ = {
			isa = PBXGroup;
			children = (
				4D028CDB2BEACCF000F06919 /* Calculadora.app */,
			);
			name = Products;
			sourceTree = "<group>";
		};
		4D028CDD2BEACCF000F06919 /* Calculadora */ = {
			isa = PBXGroup;
			children = (
				4D028CDE2BEACCF000F06919 /* AppDelegate.swift */,
				4D028CE02BEACCF000F06919 /* SceneDelegate.swift */,
				4DBEE2172BEBBF3D00A5F99E /* Model */,
				4DBEE21A2BEBC0AB00A5F99E /* View */,
				4DB88D0A2BED1C6D008B4CD0 /* ViewModel */,
				4DBEE2162BEBBF2C00A5F99E /* Controller */,
				4D028CE72BEACCF300F06919 /* Assets.xcassets */,
				4D028CE92BEACCF300F06919 /* LaunchScreen.storyboard */,
				4D028CEC2BEACCF300F06919 /* Info.plist */,
			);
			path = Calculadora;
			sourceTree = "<group>";
		};
		4DB88D0A2BED1C6D008B4CD0 /* ViewModel */ = {
			isa = PBXGroup;
			children = (
				4DB88D0B2BED1C8C008B4CD0 /* TemperatureConversionViewModel.swift */,
			);
			path = ViewModel;
			sourceTree = "<group>";
		};
		4DBEE2162BEBBF2C00A5F99E /* Controller */ = {
			isa = PBXGroup;
			children = (
				4D028CF62BEAD15D00F06919 /* PercentageCalculatorViewController.swift */,
				4D028CF42BEAD14900F06919 /* ConversionCalculatorViewController.swift */,
				4D028CE22BEACCF000F06919 /* BasicCalculatorViewController.swift */,
				4D028CF22BEAD12600F06919 /* BhaskaraCalculatorViewController.swift */,
			);
			path = Controller;
			sourceTree = "<group>";
		};
		4DBEE2172BEBBF3D00A5F99E /* Model */ = {
			isa = PBXGroup;
			children = (
				4DBEE2182BEBBF6700A5F99E /* BhaskaraCalculatorViewModel.swift */,
				4DB88D0D2BED210B008B4CD0 /* TemperatureUnit.swift */,
			);
			path = Model;
			sourceTree = "<group>";
		};
		4DBEE21A2BEBC0AB00A5F99E /* View */ = {
			isa = PBXGroup;
			children = (
				4DBEE21B2BEBC0E000A5F99E /* BhaskaraCalculatorView.swift */,
				4DB88D082BED1B30008B4CD0 /* TemperatureConversionView.swift */,
			);
			path = View;
			sourceTree = "<group>";
		};
/* End PBXGroup section */

/* Begin PBXNativeTarget section */
		4D028CDA2BEACCF000F06919 /* Calculadora */ = {
			isa = PBXNativeTarget;
			buildConfigurationList = 4D028CEF2BEACCF300F06919 /* Build configuration list for PBXNativeTarget "Calculadora" */;
			buildPhases = (
				4D028CD72BEACCF000F06919 /* Sources */,
				4D028CD82BEACCF000F06919 /* Frameworks */,
				4D028CD92BEACCF000F06919 /* Resources */,
			);
			buildRules = (
			);
			dependencies = (
			);
			name = Calculadora;
			productName = Calculadora;
			productReference = 4D028CDB2BEACCF000F06919 /* Calculadora.app */;
			productType = "com.apple.product-type.application";
		};
/* End PBXNativeTarget section */

/* Begin PBXProject section */
		4D028CD32BEACCF000F06919 /* Project object */ = {
			isa = PBXProject;
			attributes = {
				BuildIndependentTargetsInParallel = 1;
				LastSwiftUpdateCheck = 1520;
				LastUpgradeCheck = 1520;
				TargetAttributes = {
					4D028CDA2BEACCF000F06919 = {
						CreatedOnToolsVersion = 15.2;
					};
				};
			};
			buildConfigurationList = 4D028CD62BEACCF000F06919 /* Build configuration list for PBXProject "Calculadora" */;
			compatibilityVersion = "Xcode 14.0";
			developmentRegion = en;
			hasScannedForEncodings = 0;
			knownRegions = (
				en,
				Base,
			);
			mainGroup = 4D028CD22BEACCF000F06919;
			productRefGroup = 4D028CDC2BEACCF000F06919 /* Products */;
			projectDirPath = "";
			projectRoot = "";
			targets = (
				4D028CDA2BEACCF000F06919 /* Calculadora */,
			);
		};
/* End PBXProject section */

/* Begin PBXResourcesBuildPhase section */
		4D028CD92BEACCF000F06919 /* Resources */ = {
			isa = PBXResourcesBuildPhase;
			buildActionMask = 2147483647;
			files = (
				4D028CEB2BEACCF300F06919 /* LaunchScreen.storyboard in Resources */,
				4D028CE82BEACCF300F06919 /* Assets.xcassets in Resources */,
			);
			runOnlyForDeploymentPostprocessing = 0;
		};
/* End PBXResourcesBuildPhase section */

/* Begin PBXSourcesBuildPhase section */
		4D028CD72BEACCF000F06919 /* Sources */ = {
			isa = PBXSourcesBuildPhase;
			buildActionMask = 2147483647;
			files = (
				4D028CE32BEACCF000F06919 /* BasicCalculatorViewController.swift in Sources */,
				4DBEE21C2BEBC0E000A5F99E /* BhaskaraCalculatorView.swift in Sources */,
				4D028CDF2BEACCF000F06919 /* AppDelegate.swift in Sources */,
				4D028CE12BEACCF000F06919 /* SceneDelegate.swift in Sources */,
				4DB88D092BED1B30008B4CD0 /* TemperatureConversionView.swift in Sources */,
				4DBEE2192BEBBF6700A5F99E /* BhaskaraCalculatorViewModel.swift in Sources */,
				4D028CF52BEAD14900F06919 /* ConversionCalculatorViewController.swift in Sources */,
				4D028CF72BEAD15D00F06919 /* PercentageCalculatorViewController.swift in Sources */,
				4D028CF32BEAD12600F06919 /* BhaskaraCalculatorViewController.swift in Sources */,
				4DB88D0C2BED1C8C008B4CD0 /* TemperatureConversionViewModel.swift in Sources */,
				4DB88D0E2BED210B008B4CD0 /* TemperatureUnit.swift in Sources */,
			);
			runOnlyForDeploymentPostprocessing = 0;
		};
/* End PBXSourcesBuildPhase section */

/* Begin PBXVariantGroup section */
		4D028CE92BEACCF300F06919 /* LaunchScreen.storyboard */ = {
			isa = PBXVariantGroup;
			children = (
				4D028CEA2BEACCF300F06919 /* Base */,
			);
			name = LaunchScreen.storyboard;
			sourceTree = "<group>";
		};
/* End PBXVariantGroup section */

/* Begin XCBuildConfiguration section */
		4D028CED2BEACCF300F06919 /* Debug */ = {
			isa = XCBuildConfiguration;
			buildSettings = {
				ALWAYS_SEARCH_USER_PATHS = NO;
				ASSETCATALOG_COMPILER_GENERATE_SWIFT_ASSET_SYMBOL_EXTENSIONS = YES;
				CLANG_ANALYZER_NONNULL = YES;
				CLANG_ANALYZER_NUMBER_OBJECT_CONVERSION = YES_AGGRESSIVE;
				CLANG_CXX_LANGUAGE_STANDARD = "gnu++20";
				CLANG_ENABLE_MODULES = YES;
				CLANG_ENABLE_OBJC_ARC = YES;
				CLANG_ENABLE_OBJC_WEAK = YES;
				CLANG_WARN_BLOCK_CAPTURE_AUTORELEASING = YES;
				CLANG_WARN_BOOL_CONVERSION = YES;
				CLANG_WARN_COMMA = YES;
				CLANG_WARN_CONSTANT_CONVERSION = YES;
				CLANG_WARN_DEPRECATED_OBJC_IMPLEMENTATIONS = YES;
				CLANG_WARN_DIRECT_OBJC_ISA_USAGE = YES_ERROR;
				CLANG_WARN_DOCUMENTATION_COMMENTS = YES;
				CLANG_WARN_EMPTY_BODY = YES;
				CLANG_WARN_ENUM_CONVERSION = YES;
				CLANG_WARN_INFINITE_RECURSION = YES;
				CLANG_WARN_INT_CONVERSION = YES;
				CLANG_WARN_NON_LITERAL_NULL_CONVERSION = YES;
				CLANG_WARN_OBJC_IMPLICIT_RETAIN_SELF = YES;
				CLANG_WARN_OBJC_LITERAL_CONVERSION = YES;
				CLANG_WARN_OBJC_ROOT_CLASS = YES_ERROR;
				CLANG_WARN_QUOTED_INCLUDE_IN_FRAMEWORK_HEADER = YES;
				CLANG_WARN_RANGE_LOOP_ANALYSIS = YES;
				CLANG_WARN_STRICT_PROTOTYPES = YES;
				CLANG_WARN_SUSPICIOUS_MOVE = YES;
				CLANG_WARN_UNGUARDED_AVAILABILITY = YES_AGGRESSIVE;
				CLANG_WARN_UNREACHABLE_CODE = YES;
				CLANG_WARN__DUPLICATE_METHOD_MATCH = YES;
				COPY_PHASE_STRIP = NO;
				DEBUG_INFORMATION_FORMAT = dwarf;
				ENABLE_STRICT_OBJC_MSGSEND = YES;
				ENABLE_TESTABILITY = YES;
				ENABLE_USER_SCRIPT_SANDBOXING = YES;
				GCC_C_LANGUAGE_STANDARD = gnu17;
				GCC_DYNAMIC_NO_PIC = NO;
				GCC_NO_COMMON_BLOCKS = YES;
				GCC_OPTIMIZATION_LEVEL = 0;
				GCC_PREPROCESSOR_DEFINITIONS = (
					"DEBUG=1",
					"$(inherited)",
				);
				GCC_WARN_64_TO_32_BIT_CONVERSION = YES;
				GCC_WARN_ABOUT_RETURN_TYPE = YES_ERROR;
				GCC_WARN_UNDECLARED_SELECTOR = YES;
				GCC_WARN_UNINITIALIZED_AUTOS = YES_AGGRESSIVE;
				GCC_WARN_UNUSED_FUNCTION = YES;
				GCC_WARN_UNUSED_VARIABLE = YES;
				IPHONEOS_DEPLOYMENT_TARGET = 17.2;
				LOCALIZATION_PREFERS_STRING_CATALOGS = YES;
				MTL_ENABLE_DEBUG_INFO = INCLUDE_SOURCE;
				MTL_FAST_MATH = YES;
				ONLY_ACTIVE_ARCH = YES;
				SDKROOT = iphoneos;
				SWIFT_ACTIVE_COMPILATION_CONDITIONS = "DEBUG $(inherited)";
				SWIFT_OPTIMIZATION_LEVEL = "-Onone";
			};
			name = Debug;
		};
		4D028CEE2BEACCF300F06919 /* Release */ = {
			isa = XCBuildConfiguration;
			buildSettings = {
				ALWAYS_SEARCH_USER_PATHS = NO;
				ASSETCATALOG_COMPILER_GENERATE_SWIFT_ASSET_SYMBOL_EXTENSIONS = YES;
				CLANG_ANALYZER_NONNULL = YES;
				CLANG_ANALYZER_NUMBER_OBJECT_CONVERSION = YES_AGGRESSIVE;
				CLANG_CXX_LANGUAGE_STANDARD = "gnu++20";
				CLANG_ENABLE_MODULES = YES;
				CLANG_ENABLE_OBJC_ARC = YES;
				CLANG_ENABLE_OBJC_WEAK = YES;
				CLANG_WARN_BLOCK_CAPTURE_AUTORELEASING = YES;
				CLANG_WARN_BOOL_CONVERSION = YES;
				CLANG_WARN_COMMA = YES;
				CLANG_WARN_CONSTANT_CONVERSION = YES;
				CLANG_WARN_DEPRECATED_OBJC_IMPLEMENTATIONS = YES;
				CLANG_WARN_DIRECT_OBJC_ISA_USAGE = YES_ERROR;
				CLANG_WARN_DOCUMENTATION_COMMENTS = YES;
				CLANG_WARN_EMPTY_BODY = YES;
				CLANG_WARN_ENUM_CONVERSION = YES;
				CLANG_WARN_INFINITE_RECURSION = YES;
				CLANG_WARN_INT_CONVERSION = YES;
				CLANG_WARN_NON_LITERAL_NULL_CONVERSION = YES;
				CLANG_WARN_OBJC_IMPLICIT_RETAIN_SELF = YES;
				CLANG_WARN_OBJC_LITERAL_CONVERSION = YES;
				CLANG_WARN_OBJC_ROOT_CLASS = YES_ERROR;
				CLANG_WARN_QUOTED_INCLUDE_IN_FRAMEWORK_HEADER = YES;
				CLANG_WARN_RANGE_LOOP_ANALYSIS = YES;
				CLANG_WARN_STRICT_PROTOTYPES = YES;
				CLANG_WARN_SUSPICIOUS_MOVE = YES;
				CLANG_WARN_UNGUARDED_AVAILABILITY = YES_AGGRESSIVE;
				CLANG_WARN_UNREACHABLE_CODE = YES;
				CLANG_WARN__DUPLICATE_METHOD_MATCH = YES;
				COPY_PHASE_STRIP = NO;
				DEBUG_INFORMATION_FORMAT = "dwarf-with-dsym";
				ENABLE_NS_ASSERTIONS = NO;
				ENABLE_STRICT_OBJC_MSGSEND = YES;
				ENABLE_USER_SCRIPT_SANDBOXING = YES;
				GCC_C_LANGUAGE_STANDARD = gnu17;
				GCC_NO_COMMON_BLOCKS = YES;
				GCC_WARN_64_TO_32_BIT_CONVERSION = YES;
				GCC_WARN_ABOUT_RETURN_TYPE = YES_ERROR;
				GCC_WARN_UNDECLARED_SELECTOR = YES;
				GCC_WARN_UNINITIALIZED_AUTOS = YES_AGGRESSIVE;
				GCC_WARN_UNUSED_FUNCTION = YES;
				GCC_WARN_UNUSED_VARIABLE = YES;
				IPHONEOS_DEPLOYMENT_TARGET = 17.2;
				LOCALIZATION_PREFERS_STRING_CATALOGS = YES;
				MTL_ENABLE_DEBUG_INFO = NO;
				MTL_FAST_MATH = YES;
				SDKROOT = iphoneos;
				SWIFT_COMPILATION_MODE = wholemodule;
				VALIDATE_PRODUCT = YES;
			};
			name = Release;
		};
		4D028CF02BEACCF300F06919 /* Debug */ = {
			isa = XCBuildConfiguration;
			buildSettings = {
				ASSETCATALOG_COMPILER_APPICON_NAME = AppIcon;
				ASSETCATALOG_COMPILER_GLOBAL_ACCENT_COLOR_NAME = AccentColor;
				CODE_SIGN_STYLE = Automatic;
				CURRENT_PROJECT_VERSION = 1;
				GENERATE_INFOPLIST_FILE = YES;
				INFOPLIST_FILE = Calculadora/Info.plist;
				INFOPLIST_KEY_UIApplicationSupportsIndirectInputEvents = YES;
				INFOPLIST_KEY_UILaunchStoryboardName = LaunchScreen;
				INFOPLIST_KEY_UISupportedInterfaceOrientations_iPad = "UIInterfaceOrientationPortrait UIInterfaceOrientationPortraitUpsideDown UIInterfaceOrientationLandscapeLeft UIInterfaceOrientationLandscapeRight";
				INFOPLIST_KEY_UISupportedInterfaceOrientations_iPhone = "UIInterfaceOrientationPortrait UIInterfaceOrientationLandscapeLeft UIInterfaceOrientationLandscapeRight";
				LD_RUNPATH_SEARCH_PATHS = (
					"$(inherited)",
					"@executable_path/Frameworks",
				);
				MARKETING_VERSION = 1.0;
				PRODUCT_BUNDLE_IDENTIFIER = com.eduardo.Calculadora;
				PRODUCT_NAME = "$(TARGET_NAME)";
				SWIFT_EMIT_LOC_STRINGS = YES;
				SWIFT_VERSION = 5.0;
				TARGETED_DEVICE_FAMILY = "1,2";
			};
			name = Debug;
		};
		4D028CF12BEACCF300F06919 /* Release */ = {
			isa = XCBuildConfiguration;
			buildSettings = {
				ASSETCATALOG_COMPILER_APPICON_NAME = AppIcon;
				ASSETCATALOG_COMPILER_GLOBAL_ACCENT_COLOR_NAME = AccentColor;
				CODE_SIGN_STYLE = Automatic;
				CURRENT_PROJECT_VERSION = 1;
				GENERATE_INFOPLIST_FILE = YES;
				INFOPLIST_FILE = Calculadora/Info.plist;
				INFOPLIST_KEY_UIApplicationSupportsIndirectInputEvents = YES;
				INFOPLIST_KEY_UILaunchStoryboardName = LaunchScreen;
				INFOPLIST_KEY_UISupportedInterfaceOrientations_iPad = "UIInterfaceOrientationPortrait UIInterfaceOrientationPortraitUpsideDown UIInterfaceOrientationLandscapeLeft UIInterfaceOrientationLandscapeRight";
				INFOPLIST_KEY_UISupportedInterfaceOrientations_iPhone = "UIInterfaceOrientationPortrait UIInterfaceOrientationLandscapeLeft UIInterfaceOrientationLandscapeRight";
				LD_RUNPATH_SEARCH_PATHS = (
					"$(inherited)",
					"@executable_path/Frameworks",
				);
				MARKETING_VERSION = 1.0;
				PRODUCT_BUNDLE_IDENTIFIER = com.eduardo.Calculadora;
				PRODUCT_NAME = "$(TARGET_NAME)";
				SWIFT_EMIT_LOC_STRINGS = YES;
				SWIFT_VERSION = 5.0;
				TARGETED_DEVICE_FAMILY = "1,2";
			};
			name = Release;
		};
/* End XCBuildConfiguration section */

/* Begin XCConfigurationList section */
		4D028CD62BEACCF000F06919 /* Build configuration list for PBXProject "Calculadora" */ = {
			isa = XCConfigurationList;
			buildConfigurations = (
				4D028CED2BEACCF300F06919 /* Debug */,
				4D028CEE2BEACCF300F06919 /* Release */,
			);
			defaultConfigurationIsVisible = 0;
			defaultConfigurationName = Release;
		};
		4D028CEF2BEACCF300F06919 /* Build configuration list for PBXNativeTarget "Calculadora" */ = {
			isa = XCConfigurationList;
			buildConfigurations = (
				4D028CF02BEACCF300F06919 /* Debug */,
				4D028CF12BEACCF300F06919 /* Release */,
			);
			defaultConfigurationIsVisible = 0;
			defaultConfigurationName = Release;
		};
/* End XCConfigurationList section */
	};
	rootObject = 4D028CD32BEACCF000F06919 /* Project object */;
}
